// !$*UTF8*$!
{
	archiveVersion = 1;
	classes = {
	};
	objectVersion = 46;
	objects = {

/* Begin PBXBuildFile section */
		98D43EB31C04382C007286A0 /* main.m in Sources */ = {isa = PBXBuildFile; fileRef = 98D43EB21C04382C007286A0 /* main.m */; };
		98D43EB61C04382C007286A0 /* AppDelegate.m in Sources */ = {isa = PBXBuildFile; fileRef = 98D43EB51C04382C007286A0 /* AppDelegate.m */; };
		98D43EB91C04382C007286A0 /* ViewController.m in Sources */ = {isa = PBXBuildFile; fileRef = 98D43EB81C04382C007286A0 /* ViewController.m */; };
		98D43EBC1C04382C007286A0 /* Main.storyboard in Resources */ = {isa = PBXBuildFile; fileRef = 98D43EBA1C04382C007286A0 /* Main.storyboard */; };
		98D43EBE1C04382C007286A0 /* Assets.xcassets in Resources */ = {isa = PBXBuildFile; fileRef = 98D43EBD1C04382C007286A0 /* Assets.xcassets */; };
		98D43EC11C04382C007286A0 /* LaunchScreen.storyboard in Resources */ = {isa = PBXBuildFile; fileRef = 98D43EBF1C04382C007286A0 /* LaunchScreen.storyboard */; };
		98D43ECC1C04382C007286A0 /* SunZLDataPickerTests.m in Sources */ = {isa = PBXBuildFile; fileRef = 98D43ECB1C04382C007286A0 /* SunZLDataPickerTests.m */; };
		98D43ED71C04382C007286A0 /* SunZLDataPickerUITests.m in Sources */ = {isa = PBXBuildFile; fileRef = 98D43ED61C04382C007286A0 /* SunZLDataPickerUITests.m */; };
		98D43EE71C0438D0007286A0 /* SunDataPicker.m in Sources */ = {isa = PBXBuildFile; fileRef = 98D43EE61C0438D0007286A0 /* SunDataPicker.m */; };
/* End PBXBuildFile section */

/* Begin PBXContainerItemProxy section */
		98D43EC81C04382C007286A0 /* PBXContainerItemProxy */ = {
			isa = PBXContainerItemProxy;
			containerPortal = 98D43EA61C04382C007286A0 /* Project object */;
			proxyType = 1;
			remoteGlobalIDString = 98D43EAD1C04382C007286A0;
			remoteInfo = SunZLDataPicker;
		};
		98D43ED31C04382C007286A0 /* PBXContainerItemProxy */ = {
			isa = PBXContainerItemProxy;
			containerPortal = 98D43EA61C04382C007286A0 /* Project object */;
			proxyType = 1;
			remoteGlobalIDString = 98D43EAD1C04382C007286A0;
			remoteInfo = SunZLDataPicker;
		};
/* End PBXContainerItemProxy section */

/* Begin PBXFileReference section */
		98D43EAE1C04382C007286A0 /* SunZLDataPicker.app */ = {isa = PBXFileReference; explicitFileType = wrapper.application; includeInIndex = 0; path = SunZLDataPicker.app; sourceTree = BUILT_PRODUCTS_DIR; };
		98D43EB21C04382C007286A0 /* main.m */ = {isa = PBXFileReference; lastKnownFileType = sourcecode.c.objc; path = main.m; sourceTree = "<group>"; };
		98D43EB41C04382C007286A0 /* AppDelegate.h */ = {isa = PBXFileReference; lastKnownFileType = sourcecode.c.h; path = AppDelegate.h; sourceTree = "<group>"; };
		98D43EB51C04382C007286A0 /* AppDelegate.m */ = {isa = PBXFileReference; lastKnownFileType = sourcecode.c.objc; path = AppDelegate.m; sourceTree = "<group>"; };
		98D43EB71C04382C007286A0 /* ViewController.h */ = {isa = PBXFileReference; lastKnownFileType = sourcecode.c.h; path = ViewController.h; sourceTree = "<group>"; };
		98D43EB81C04382C007286A0 /* ViewController.m */ = {isa = PBXFileReference; lastKnownFileType = sourcecode.c.objc; path = ViewController.m; sourceTree = "<group>"; };
		98D43EBB1C04382C007286A0 /* Base */ = {isa = PBXFileReference; lastKnownFileType = file.storyboard; name = Base; path = Base.lproj/Main.storyboard; sourceTree = "<group>"; };
		98D43EBD1C04382C007286A0 /* Assets.xcassets */ = {isa = PBXFileReference; lastKnownFileType = folder.assetcatalog; path = Assets.xcassets; sourceTree = "<group>"; };
		98D43EC01C04382C007286A0 /* Base */ = {isa = PBXFileReference; lastKnownFileType = file.storyboard; name = Base; path = Base.lproj/LaunchScreen.storyboard; sourceTree = "<group>"; };
		98D43EC21C04382C007286A0 /* Info.plist */ = {isa = PBXFileReference; lastKnownFileType = text.plist.xml; path = Info.plist; sourceTree = "<group>"; };
		98D43EC71C04382C007286A0 /* SunZLDataPickerTests.xctest */ = {isa = PBXFileReference; explicitFileType = wrapper.cfbundle; includeInIndex = 0; path = SunZLDataPickerTests.xctest; sourceTree = BUILT_PRODUCTS_DIR; };
		98D43ECB1C04382C007286A0 /* SunZLDataPickerTests.m */ = {isa = PBXFileReference; lastKnownFileType = sourcecode.c.objc; path = SunZLDataPickerTests.m; sourceTree = "<group>"; };
		98D43ECD1C04382C007286A0 /* Info.plist */ = {isa = PBXFileReference; lastKnownFileType = text.plist.xml; path = Info.plist; sourceTree = "<group>"; };
		98D43ED21C04382C007286A0 /* SunZLDataPickerUITests.xctest */ = {isa = PBXFileReference; explicitFileType = wrapper.cfbundle; includeInIndex = 0; path = SunZLDataPickerUITests.xctest; sourceTree = BUILT_PRODUCTS_DIR; };
		98D43ED61C04382C007286A0 /* SunZLDataPickerUITests.m */ = {isa = PBXFileReference; lastKnownFileType = sourcecode.c.objc; path = SunZLDataPickerUITests.m; sourceTree = "<group>"; };
		98D43ED81C04382C007286A0 /* Info.plist */ = {isa = PBXFileReference; lastKnownFileType = text.plist.xml; path = Info.plist; sourceTree = "<group>"; };
		98D43EE51C0438D0007286A0 /* SunDataPicker.h */ = {isa = PBXFileReference; fileEncoding = 4; lastKnownFileType = sourcecode.c.h; path = SunDataPicker.h; sourceTree = "<group>"; };
		98D43EE61C0438D0007286A0 /* SunDataPicker.m */ = {isa = PBXFileReference; fileEncoding = 4; lastKnownFileType = sourcecode.c.objc; path = SunDataPicker.m; sourceTree = "<group>"; };
/* End PBXFileReference section */

/* Begin PBXFrameworksBuildPhase section */
		98D43EAB1C04382C007286A0 /* Frameworks */ = {
			isa = PBXFrameworksBuildPhase;
			buildActionMask = 2147483647;
			files = (
			);
			runOnlyForDeploymentPostprocessing = 0;
		};
		98D43EC41C04382C007286A0 /* Frameworks */ = {
			isa = PBXFrameworksBuildPhase;
			buildActionMask = 2147483647;
			files = (
			);
			runOnlyForDeploymentPostprocessing = 0;
		};
		98D43ECF1C04382C007286A0 /* Frameworks */ = {
			isa = PBXFrameworksBuildPhase;
			buildActionMask = 2147483647;
			files = (
			);
			runOnlyForDeploymentPostprocessing = 0;
		};
/* End PBXFrameworksBuildPhase section */

/* Begin PBXGroup section */
		98D43EA51C04382C007286A0 = {
			isa = PBXGroup;
			children = (
				98D43EB01C04382C007286A0 /* SunZLDataPicker */,
				98D43ECA1C04382C007286A0 /* SunZLDataPickerTests */,
				98D43ED51C04382C007286A0 /* SunZLDataPickerUITests */,
				98D43EAF1C04382C007286A0 /* Products */,
			);
			sourceTree = "<group>";
		};
		98D43EAF1C04382C007286A0 /* Products */ = {
			isa = PBXGroup;
			children = (
				98D43EAE1C04382C007286A0 /* SunZLDataPicker.app */,
				98D43EC71C04382C007286A0 /* SunZLDataPickerTests.xctest */,
				98D43ED21C04382C007286A0 /* SunZLDataPickerUITests.xctest */,
			);
			name = Products;
			sourceTree = "<group>";
		};
		98D43EB01C04382C007286A0 /* SunZLDataPicker */ = {
			isa = PBXGroup;
			children = (
				98D43EE41C0438D0007286A0 /* picker */,
				98D43EB41C04382C007286A0 /* AppDelegate.h */,
				98D43EB51C04382C007286A0 /* AppDelegate.m */,
				98D43EB71C04382C007286A0 /* ViewController.h */,
				98D43EB81C04382C007286A0 /* ViewController.m */,
				98D43EBA1C04382C007286A0 /* Main.storyboard */,
				98D43EBD1C04382C007286A0 /* Assets.xcassets */,
				98D43EBF1C04382C007286A0 /* LaunchScreen.storyboard */,
				98D43EC21C04382C007286A0 /* Info.plist */,
				98D43EB11C04382C007286A0 /* Supporting Files */,
			);
			path = SunZLDataPicker;
			sourceTree = "<group>";
		};
		98D43EB11C04382C007286A0 /* Supporting Files */ = {
			isa = PBXGroup;
			children = (
				98D43EB21C04382C007286A0 /* main.m */,
			);
			name = "Supporting Files";
			sourceTree = "<group>";
		};
		98D43ECA1C04382C007286A0 /* SunZLDataPickerTests */ = {
			isa = PBXGroup;
			children = (
				98D43ECB1C04382C007286A0 /* SunZLDataPickerTests.m */,
				98D43ECD1C04382C007286A0 /* Info.plist */,
			);
			path = SunZLDataPickerTests;
			sourceTree = "<group>";
		};
		98D43ED51C04382C007286A0 /* SunZLDataPickerUITests */ = {
			isa = PBXGroup;
			children = (
				98D43ED61C04382C007286A0 /* SunZLDataPickerUITests.m */,
				98D43ED81C04382C007286A0 /* Info.plist */,
			);
			path = SunZLDataPickerUITests;
			sourceTree = "<group>";
		};
		98D43EE41C0438D0007286A0 /* picker */ = {
			isa = PBXGroup;
			children = (
				98D43EE51C0438D0007286A0 /* SunDataPicker.h */,
				98D43EE61C0438D0007286A0 /* SunDataPicker.m */,
			);
			path = picker;
			sourceTree = "<group>";
		};
/* End PBXGroup section */

/* Begin PBXNativeTarget section */
		98D43EAD1C04382C007286A0 /* SunZLDataPicker */ = {
			isa = PBXNativeTarget;
			buildConfigurationList = 98D43EDB1C04382C007286A0 /* Build configuration list for PBXNativeTarget "SunZLDataPicker" */;
			buildPhases = (
				98D43EAA1C04382C007286A0 /* Sources */,
				98D43EAB1C04382C007286A0 /* Frameworks */,
				98D43EAC1C04382C007286A0 /* Resources */,
			);
			buildRules = (
			);
			dependencies = (
			);
			name = SunZLDataPicker;
			productName = SunZLDataPicker;
			productReference = 98D43EAE1C04382C007286A0 /* SunZLDataPicker.app */;
			productType = "com.apple.product-type.application";
		};
		98D43EC61C04382C007286A0 /* SunZLDataPickerTests */ = {
			isa = PBXNativeTarget;
			buildConfigurationList = 98D43EDE1C04382C007286A0 /* Build configuration list for PBXNativeTarget "SunZLDataPickerTests" */;
			buildPhases = (
				98D43EC31C04382C007286A0 /* Sources */,
				98D43EC41C04382C007286A0 /* Frameworks */,
				98D43EC51C04382C007286A0 /* Resources */,
			);
			buildRules = (
			);
			dependencies = (
				98D43EC91C04382C007286A0 /* PBXTargetDependency */,
			);
			name = SunZLDataPickerTests;
			productName = SunZLDataPickerTests;
			productReference = 98D43EC71C04382C007286A0 /* SunZLDataPickerTests.xctest */;
			productType = "com.apple.product-type.bundle.unit-test";
		};
		98D43ED11C04382C007286A0 /* SunZLDataPickerUITests */ = {
			isa = PBXNativeTarget;
			buildConfigurationList = 98D43EE11C04382C007286A0 /* Build configuration list for PBXNativeTarget "SunZLDataPickerUITests" */;
			buildPhases = (
				98D43ECE1C04382C007286A0 /* Sources */,
				98D43ECF1C04382C007286A0 /* Frameworks */,
				98D43ED01C04382C007286A0 /* Resources */,
			);
			buildRules = (
			);
			dependencies = (
				98D43ED41C04382C007286A0 /* PBXTargetDependency */,
			);
			name = SunZLDataPickerUITests;
			productName = SunZLDataPickerUITests;
			productReference = 98D43ED21C04382C007286A0 /* SunZLDataPickerUITests.xctest */;
			productType = "com.apple.product-type.bundle.ui-testing";
		};
/* End PBXNativeTarget section */

/* Begin PBXProject section */
		98D43EA61C04382C007286A0 /* Project object */ = {
			isa = PBXProject;
			attributes = {
				LastUpgradeCheck = 0710;
				ORGANIZATIONNAME = sunzl;
				TargetAttributes = {
					98D43EAD1C04382C007286A0 = {
						CreatedOnToolsVersion = 7.1.1;
						DevelopmentTeam = 92HKWRE9NU;
					};
					98D43EC61C04382C007286A0 = {
						CreatedOnToolsVersion = 7.1.1;
						TestTargetID = 98D43EAD1C04382C007286A0;
					};
					98D43ED11C04382C007286A0 = {
						CreatedOnToolsVersion = 7.1.1;
						TestTargetID = 98D43EAD1C04382C007286A0;
					};
				};
			};
			buildConfigurationList = 98D43EA91C04382C007286A0 /* Build configuration list for PBXProject "SunZLDataPicker" */;
			compatibilityVersion = "Xcode 3.2";
			developmentRegion = English;
			hasScannedForEncodings = 0;
			knownRegions = (
				en,
				Base,
			);
			mainGroup = 98D43EA51C04382C007286A0;
			productRefGroup = 98D43EAF1C04382C007286A0 /* Products */;
			projectDirPath = "";
			projectRoot = "";
			targets = (
				98D43EAD1C04382C007286A0 /* SunZLDataPicker */,
				98D43EC61C04382C007286A0 /* SunZLDataPickerTests */,
				98D43ED11C04382C007286A0 /* SunZLDataPickerUITests */,
			);
		};
/* End PBXProject section */

/* Begin PBXResourcesBuildPhase section */
		98D43EAC1C04382C007286A0 /* Resources */ = {
			isa = PBXResourcesBuildPhase;
			buildActionMask = 2147483647;
			files = (
				98D43EC11C04382C007286A0 /* LaunchScreen.storyboard in Resources */,
				98D43EBE1C04382C007286A0 /* Assets.xcassets in Resources */,
				98D43EBC1C04382C007286A0 /* Main.storyboard in Resources */,
			);
			runOnlyForDeploymentPostprocessing = 0;
		};
		98D43EC51C04382C007286A0 /* Resources */ = {
			isa = PBXResourcesBuildPhase;
			buildActionMask = 2147483647;
			files = (
			);
			runOnlyForDeploymentPostprocessing = 0;
		};
		98D43ED01C04382C007286A0 /* Resources */ = {
			isa = PBXResourcesBuildPhase;
			buildActionMask = 2147483647;
			files = (
			);
			runOnlyForDeploymentPostprocessing = 0;
		};
/* End PBXResourcesBuildPhase section */

/* Begin PBXSourcesBuildPhase section */
		98D43EAA1C04382C007286A0 /* Sources */ = {
			isa = PBXSourcesBuildPhase;
			buildActionMask = 2147483647;
			files = (
				98D43EE71C0438D0007286A0 /* SunDataPicker.m in Sources */,
				98D43EB91C04382C007286A0 /* ViewController.m in Sources */,
				98D43EB61C04382C007286A0 /* AppDelegate.m in Sources */,
				98D43EB31C04382C007286A0 /* main.m in Sources */,
			);
			runOnlyForDeploymentPostprocessing = 0;
		};
		98D43EC31C04382C007286A0 /* Sources */ = {
			isa = PBXSourcesBuildPhase;
			buildActionMask = 2147483647;
			files = (
				98D43ECC1C04382C007286A0 /* SunZLDataPickerTests.m in Sources */,
			);
			runOnlyForDeploymentPostprocessing = 0;
		};
		98D43ECE1C04382C007286A0 /* Sources */ = {
			isa = PBXSourcesBuildPhase;
			buildActionMask = 2147483647;
			files = (
				98D43ED71C04382C007286A0 /* SunZLDataPickerUITests.m in Sources */,
			);
			runOnlyForDeploymentPostprocessing = 0;
		};
/* End PBXSourcesBuildPhase section */

/* Begin PBXTargetDependency section */
		98D43EC91C04382C007286A0 /* PBXTargetDependency */ = {
			isa = PBXTargetDependency;
			target = 98D43EAD1C04382C007286A0 /* SunZLDataPicker */;
			targetProxy = 98D43EC81C04382C007286A0 /* PBXContainerItemProxy */;
		};
		98D43ED41C04382C007286A0 /* PBXTargetDependency */ = {
			isa = PBXTargetDependency;
			target = 98D43EAD1C04382C007286A0 /* SunZLDataPicker */;
			targetProxy = 98D43ED31C04382C007286A0 /* PBXContainerItemProxy */;
		};
/* End PBXTargetDependency section */

/* Begin PBXVariantGroup section */
		98D43EBA1C04382C007286A0 /* Main.storyboard */ = {
			isa = PBXVariantGroup;
			children = (
				98D43EBB1C04382C007286A0 /* Base */,
			);
			name = Main.storyboard;
			sourceTree = "<group>";
		};
		98D43EBF1C04382C007286A0 /* LaunchScreen.storyboard */ = {
			isa = PBXVariantGroup;
			children = (
				98D43EC01C04382C007286A0 /* Base */,
			);
			name = LaunchScreen.storyboard;
			sourceTree = "<group>";
		};
/* End PBXVariantGroup section */

/* Begin XCBuildConfiguration section */
		98D43ED91C04382C007286A0 /* Debug */ = {
			isa = XCBuildConfiguration;
			buildSettings = {
				ALWAYS_SEARCH_USER_PATHS = NO;
				CLANG_CXX_LANGUAGE_STANDARD = "gnu++0x";
				CLANG_CXX_LIBRARY = "libc++";
				CLANG_ENABLE_MODULES = YES;
				CLANG_ENABLE_OBJC_ARC = YES;
				CLANG_WARN_BOOL_CONVERSION = YES;
				CLANG_WARN_CONSTANT_CONVERSION = YES;
				CLANG_WARN_DIRECT_OBJC_ISA_USAGE = YES_ERROR;
				CLANG_WARN_EMPTY_BODY = YES;
				CLANG_WARN_ENUM_CONVERSION = YES;
				CLANG_WARN_INT_CONVERSION = YES;
				CLANG_WARN_OBJC_ROOT_CLASS = YES_ERROR;
				CLANG_WARN_UNREACHABLE_CODE = YES;
				CLANG_WARN__DUPLICATE_METHOD_MATCH = YES;
				"CODE_SIGN_IDENTITY[sdk=iphoneos*]" = "iPhone Developer";
				COPY_PHASE_STRIP = NO;
				DEBUG_INFORMATION_FORMAT = dwarf;
				ENABLE_STRICT_OBJC_MSGSEND = YES;
				ENABLE_TESTABILITY = YES;
				GCC_C_LANGUAGE_STANDARD = gnu99;
				GCC_DYNAMIC_NO_PIC = NO;
				GCC_NO_COMMON_BLOCKS = YES;
				GCC_OPTIMIZATION_LEVEL = 0;
				GCC_PREPROCESSOR_DEFINITIONS = (
					"DEBUG=1",
					"$(inherited)",
				);
				GCC_WARN_64_TO_32_BIT_CONVERSION = YES;
				GCC_WARN_ABOUT_RETURN_TYPE = YES_ERROR;
				GCC_WARN_UNDECLARED_SELECTOR = YES;
				GCC_WARN_UNINITIALIZED_AUTOS = YES_AGGRESSIVE;
				GCC_WARN_UNUSED_FUNCTION = YES;
				GCC_WARN_UNUSED_VARIABLE = YES;
				IPHONEOS_DEPLOYMENT_TARGET = 9.1;
				MTL_ENABLE_DEBUG_INFO = YES;
				ONLY_ACTIVE_ARCH = YES;
				SDKROOT = iphoneos;
			};
			name = Debug;
		};
		98D43EDA1C04382C007286A0 /* Release */ = {
			isa = XCBuildConfiguration;
			buildSettings = {
				ALWAYS_SEARCH_USER_PATHS = NO;
				CLANG_CXX_LANGUAGE_STANDARD = "gnu++0x";
				CLANG_CXX_LIBRARY = "libc++";
				CLANG_ENABLE_MODULES = YES;
				CLANG_ENABLE_OBJC_ARC = YES;
				CLANG_WARN_BOOL_CONVERSION = YES;
				CLANG_WARN_CONSTANT_CONVERSION = YES;
				CLANG_WARN_DIRECT_OBJC_ISA_USAGE = YES_ERROR;
				CLANG_WARN_EMPTY_BODY = YES;
				CLANG_WARN_ENUM_CONVERSION = YES;
				CLANG_WARN_INT_CONVERSION = YES;
				CLANG_WARN_OBJC_ROOT_CLASS = YES_ERROR;
				CLANG_WARN_UNREACHABLE_CODE = YES;
				CLANG_WARN__DUPLICATE_METHOD_MATCH = YES;
				"CODE_SIGN_IDENTITY[sdk=iphoneos*]" = "iPhone Developer";
				COPY_PHASE_STRIP = NO;
				DEBUG_INFORMATION_FORMAT = "dwarf-with-dsym";
				ENABLE_NS_ASSERTIONS = NO;
				ENABLE_STRICT_OBJC_MSGSEND = YES;
				GCC_C_LANGUAGE_STANDARD = gnu99;
				GCC_NO_COMMON_BLOCKS = YES;
				GCC_WARN_64_TO_32_BIT_CONVERSION = YES;
				GCC_WARN_ABOUT_RETURN_TYPE = YES_ERROR;
				GCC_WARN_UNDECLARED_SELECTOR = YES;
				GCC_WARN_UNINITIALIZED_AUTOS = YES_AGGRESSIVE;
				GCC_WARN_UNUSED_FUNCTION = YES;
				GCC_WARN_UNUSED_VARIABLE = YES;
				IPHONEOS_DEPLOYMENT_TARGET = 9.1;
				MTL_ENABLE_DEBUG_INFO = NO;
				SDKROOT = iphoneos;
				VALIDATE_PRODUCT = YES;
			};
			name = Release;
		};
		98D43EDC1C04382C007286A0 /* Debug */ = {
			isa = XCBuildConfiguration;
			buildSettings = {
				ASSETCATALOG_COMPILER_APPICON_NAME = AppIcon;
				CODE_SIGN_IDENTITY = "iPhone Developer";
				INFOPLIST_FILE = SunZLDataPicker/Info.plist;
				IPHONEOS_DEPLOYMENT_TARGET = 8.0;
				LD_RUNPATH_SEARCH_PATHS = "$(inherited) @executable_path/Frameworks";
				PRODUCT_BUNDLE_IDENTIFIER = com.sun.SunZLDataPicker;
				PRODUCT_NAME = "$(TARGET_NAME)";
				PROVISIONING_PROFILE = "2811a111-262e-416d-8e44-a2df472a754b";
			};
			name = Debug;
		};
		98D43EDD1C04382C007286A0 /* Release */ = {
			isa = XCBuildConfiguration;
			buildSettings = {
				ASSETCATALOG_COMPILER_APPICON_NAME = AppIcon;
				CODE_SIGN_IDENTITY = "iPhone Developer";
				INFOPLIST_FILE = SunZLDataPicker/Info.plist;
				IPHONEOS_DEPLOYMENT_TARGET = 8.0;
				LD_RUNPATH_SEARCH_PATHS = "$(inherited) @executable_path/Frameworks";
				PRODUCT_BUNDLE_IDENTIFIER = com.sun.SunZLDataPicker;
				PRODUCT_NAME = "$(TARGET_NAME)";
				PROVISIONING_PROFILE = "2811a111-262e-416d-8e44-a2df472a754b";
			};
			name = Release;
		};
		98D43EDF1C04382C007286A0 /* Debug */ = {
			isa = XCBuildConfiguration;
			buildSettings = {
				BUNDLE_LOADER = "$(TEST_HOST)";
				INFOPLIST_FILE = SunZLDataPickerTests/Info.plist;
				LD_RUNPATH_SEARCH_PATHS = "$(inherited) @executable_path/Frameworks @loader_path/Frameworks";
				PRODUCT_BUNDLE_IDENTIFIER = com.sun.SunZLDataPickerTests;
				PRODUCT_NAME = "$(TARGET_NAME)";
				TEST_HOST = "$(BUILT_PRODUCTS_DIR)/SunZLDataPicker.app/SunZLDataPicker";
			};
			name = Debug;
		};
		98D43EE01C04382C007286A0 /* Release */ = {
			isa = XCBuildConfiguration;
			buildSettings = {
				BUNDLE_LOADER = "$(TEST_HOST)";
				INFOPLIST_FILE = SunZLDataPickerTests/Info.plist;
				LD_RUNPATH_SEARCH_PATHS = "$(inherited) @executable_path/Frameworks @loader_path/Frameworks";
				PRODUCT_BUNDLE_IDENTIFIER = com.sun.SunZLDataPickerTests;
				PRODUCT_NAME = "$(TARGET_NAME)";
				TEST_HOST = "$(BUILT_PRODUCTS_DIR)/SunZLDataPicker.app/SunZLDataPicker";
			};
			name = Release;
		};
		98D43EE21C04382C007286A0 /* Debug */ = {
			isa = XCBuildConfiguration;
			buildSettings = {
				INFOPLIST_FILE = SunZLDataPickerUITests/Info.plist;
				LD_RUNPATH_SEARCH_PATHS = "$(inherited) @executable_path/Frameworks @loader_path/Frameworks";
				PRODUCT_BUNDLE_IDENTIFIER = com.sun.SunZLDataPickerUITests;
				PRODUCT_NAME = "$(TARGET_NAME)";
				TEST_TARGET_NAME = SunZLDataPicker;
				USES_XCTRUNNER = YES;
			};
			name = Debug;
		};
		98D43EE31C04382C007286A0 /* Release */ = {
			isa = XCBuildConfiguration;
			buildSettings = {
				INFOPLIST_FILE = SunZLDataPickerUITests/Info.plist;
				LD_RUNPATH_SEARCH_PATHS = "$(inherited) @executable_path/Frameworks @loader_path/Frameworks";
				PRODUCT_BUNDLE_IDENTIFIER = com.sun.SunZLDataPickerUITests;
				PRODUCT_NAME = "$(TARGET_NAME)";
				TEST_TARGET_NAME = SunZLDataPicker;
				USES_XCTRUNNER = YES;
			};
			name = Release;
		};
/* End XCBuildConfiguration section */

/* Begin XCConfigurationList section */
		98D43EA91C04382C007286A0 /* Build configuration list for PBXProject "SunZLDataPicker" */ = {
			isa = XCConfigurationList;
			buildConfigurations = (
				98D43ED91C04382C007286A0 /* Debug */,
				98D43EDA1C04382C007286A0 /* Release */,
			);
			defaultConfigurationIsVisible = 0;
			defaultConfigurationName = Release;
		};
		98D43EDB1C04382C007286A0 /* Build configuration list for PBXNativeTarget "SunZLDataPicker" */ = {
			isa = XCConfigurationList;
			buildConfigurations = (
				98D43EDC1C04382C007286A0 /* Debug */,
				98D43EDD1C04382C007286A0 /* Release */,
			);
			defaultConfigurationIsVisible = 0;
			defaultConfigurationName = Release;
		};
		98D43EDE1C04382C007286A0 /* Build configuration list for PBXNativeTarget "SunZLDataPickerTests" */ = {
			isa = XCConfigurationList;
			buildConfigurations = (
				98D43EDF1C04382C007286A0 /* Debug */,
				98D43EE01C04382C007286A0 /* Release */,
			);
			defaultConfigurationIsVisible = 0;
			defaultConfigurationName = Release;
		};
		98D43EE11C04382C007286A0 /* Build configuration list for PBXNativeTarget "SunZLDataPickerUITests" */ = {
			isa = XCConfigurationList;
			buildConfigurations = (
				98D43EE21C04382C007286A0 /* Debug */,
				98D43EE31C04382C007286A0 /* Release */,
			);
			defaultConfigurationIsVisible = 0;
			defaultConfigurationName = Release;
		};
/* End XCConfigurationList section */
	};
	rootObject = 98D43EA61C04382C007286A0 /* Project object */;
}
